{
  "name": "viser",
  "version": "0.1.0",
  "lockfileVersion": 1,
  "requires": true,
  "dependencies": {
    "@antv/g2-plugin-slider": {
      "version": "2.0.1",
      "resolved": "https://registry.npmjs.org/@antv/g2-plugin-slider/-/g2-plugin-slider-2.0.1.tgz",
      "integrity": "sha512-UGpqJen/M0XdxMkO/ovz9C1J4ex873DZtg+08BBrzvTYm7ehO9G5hjXB4JG3ZT44mIkkA/JrjAeZlXoJZ/7Amw=="
    }
  }
}
