# THIS IS AN AUTOGENERATED FILE. DO NOT EDIT THIS FILE DIRECTLY.
# yarn lockfile v1


"@angular/compiler-cli@^2.4.0":
  version "2.4.10"
  resolved "https://registry.npmjs.org/@angular/compiler-cli/-/compiler-cli-2.4.10.tgz#c21143bfaab45231c8d2eaa82456bed3d39f91a3"
  dependencies:
    "@angular/tsc-wrapped" "0.5.2"
    minimist "^1.2.0"
    reflect-metadata "^0.1.2"

"@angular/compiler@^2.4.0":
  version "2.4.10"
  resolved "https://registry.npmjs.org/@angular/compiler/-/compiler-2.4.10.tgz#f51fd34820b2a02c7cb61fbcf49873c58056fb0c"

"@angular/core@^2.4.0":
  version "2.4.10"
  resolved "https://registry.npmjs.org/@angular/core/-/core-2.4.10.tgz#0b8320a65065965d998645b1f5cd3cf769b441ea"

"@angular/tsc-wrapped@0.5.2":
  version "0.5.2"
  resolved "https://registry.npmjs.org/@angular/tsc-wrapped/-/tsc-wrapped-0.5.2.tgz#2eddf472c467fcb334ea94deddaaa71990c5a482"
  dependencies:
    tsickle "^0.2"

"@antv/data-set@^0.5.0":
  version "0.5.4"
  resolved "https://registry.npmjs.org/@antv/data-set/-/data-set-0.5.4.tgz#473b9899459e5ef61a7cf6def977966bd2148dc2"
  dependencies:
    d3-array "^1.2.0"
    d3-composite-projections "^1.2.0"
    d3-dsv "^1.0.5"
    d3-geo "^1.6.4"
    d3-geo-projection "^2.1.2"
    d3-hierarchy "^1.1.5"
    d3-sankey "^0.7.1"
    d3-voronoi "^1.1.2"
    lodash "^4.17.4"
    point-at-length "^1.0.2"
    regression "^2.0.0"
    simple-statistics "^4.1.0"
    topojson-client "^3.0.0"
    wolfy87-eventemitter "^5.1.0"

"@antv/g2@^3.0.0":
  version "3.0.0"
  resolved "https://registry.npmjs.org/@antv/g2/-/g2-3.0.0.tgz#254c204309ac26b10c192828ebbf731dc4f15326"
  dependencies:
    "@antv/g" "^2.0.0"
    fecha "^2.3.1"
    gl-matrix "^2.4.0"
    lodash "^4.17.4"
    wolfy87-eventemitter "^5.2.0"

"@antv/g@^2.0.0":
  version "2.0.2"
  resolved "https://registry.npmjs.org/@antv/g/-/g-2.0.2.tgz#cfceda948ab595f64c90a525f30a7e4ce4a2e3e2"
  dependencies:
    d3-ease "^1.0.3"
    d3-interpolate "^1.1.5"
    d3-timer "^1.0.6"
    gl-matrix "^2.3.2"
    lodash "^4.17.4"
    wolfy87-eventemitter "^5.1.0"

"@types/d3-format@*":
  version "1.2.1"
  resolved "https://registry.npmjs.org/@types/d3-format/-/d3-format-1.2.1.tgz#9435fb1771d2fbf6a858c93218f4097c9aa396c1"

"@types/lodash@*":
  version "4.14.85"
  resolved "https://registry.npmjs.org/@types/lodash/-/lodash-4.14.85.tgz#a16fbf942422f6eca5622b6910492c496c35069b"

abs-svg-path@~0.1.1:
  version "0.1.1"
  resolved "https://registry.npmjs.org/abs-svg-path/-/abs-svg-path-0.1.1.tgz#df601c8e8d2ba10d4a76d625e236a9a39c2723bf"

align-text@^0.1.1, align-text@^0.1.3:
  version "0.1.4"
  resolved "https://registry.npmjs.org/align-text/-/align-text-0.1.4.tgz#0cd90a561093f35d0a99256c22b7069433fad117"
  dependencies:
    kind-of "^3.0.2"
    longest "^1.0.1"
    repeat-string "^1.5.2"

balanced-match@^1.0.0:
  version "1.0.0"
  resolved "https://registry.npmjs.org/balanced-match/-/balanced-match-1.0.0.tgz#89b4d199ab2bee49de164ea02b89ce462d71b767"

brace-expansion@^1.1.7:
  version "1.1.8"
  resolved "https://registry.npmjs.org/brace-expansion/-/brace-expansion-1.1.8.tgz#c07b211c7c952ec1f8efd51a77ef0d1d3990a292"
  dependencies:
    balanced-match "^1.0.0"
    concat-map "0.0.1"

camelcase@^1.0.2:
  version "1.2.1"
  resolved "https://registry.npmjs.org/camelcase/-/camelcase-1.2.1.tgz#9bb5304d2e0b56698b2c758b08a3eaa9daa58a39"

center-align@^0.1.1:
  version "0.1.3"
  resolved "https://registry.npmjs.org/center-align/-/center-align-0.1.3.tgz#aa0d32629b6ee972200411cbd4461c907bc2b7ad"
  dependencies:
    align-text "^0.1.3"
    lazy-cache "^1.0.3"

cliui@^2.1.0:
  version "2.1.0"
  resolved "https://registry.npmjs.org/cliui/-/cliui-2.1.0.tgz#4b475760ff80264c762c3a1719032e91c7fea0d1"
  dependencies:
    center-align "^0.1.1"
    right-align "^0.1.1"
    wordwrap "0.0.2"

commander@2:
  version "2.12.1"
  resolved "https://registry.npmjs.org/commander/-/commander-2.12.1.tgz#468635c4168d06145b9323356d1da84d14ac4a7a"

concat-map@0.0.1:
  version "0.0.1"
  resolved "https://registry.npmjs.org/concat-map/-/concat-map-0.0.1.tgz#d8a96bd77fd68df7793a73036a3ba0d5405d477b"

copyfiles@^1.0.0:
  version "1.2.0"
  resolved "https://registry.npmjs.org/copyfiles/-/copyfiles-1.2.0.tgz#a8da3ac41aa2220ae29bd3c58b6984294f2c593c"
  dependencies:
    glob "^7.0.5"
    ltcdr "^2.2.1"
    minimatch "^3.0.3"
    mkdirp "^0.5.1"
    noms "0.0.0"
    through2 "^2.0.1"

core-util-is@~1.0.0:
  version "1.0.2"
  resolved "https://registry.npmjs.org/core-util-is/-/core-util-is-1.0.2.tgz#b5fd54220aa2bc5ab57aab7140c940754503c1a7"

d3-array@1, d3-array@^1.2.0:
  version "1.2.1"
  resolved "https://registry.npmjs.org/d3-array/-/d3-array-1.2.1.tgz#d1ca33de2f6ac31efadb8e050a021d7e2396d5dc"

d3-collection@1:
  version "1.0.4"
  resolved "https://registry.npmjs.org/d3-collection/-/d3-collection-1.0.4.tgz#342dfd12837c90974f33f1cc0a785aea570dcdc2"

d3-color@1:
  version "1.0.3"
  resolved "https://registry.npmjs.org/d3-color/-/d3-color-1.0.3.tgz#bc7643fca8e53a8347e2fbdaffa236796b58509b"

d3-composite-projections@^1.2.0:
  version "1.2.0"
  resolved "https://registry.npmjs.org/d3-composite-projections/-/d3-composite-projections-1.2.0.tgz#fa0e6f1442f17d04643843a3a883c7d94e0c27c0"
  dependencies:
    d3-geo "1.2.4"
    d3-path "^1.0.1"

d3-dsv@^1.0.5:
  version "1.0.8"
  resolved "https://registry.npmjs.org/d3-dsv/-/d3-dsv-1.0.8.tgz#907e240d57b386618dc56468bacfe76bf19764ae"
  dependencies:
    commander "2"
    iconv-lite "0.4"
    rw "1"

d3-ease@^1.0.3:
  version "1.0.3"
  resolved "https://registry.npmjs.org/d3-ease/-/d3-ease-1.0.3.tgz#68bfbc349338a380c44d8acc4fbc3304aa2d8c0e"

d3-format@^1.2.0:
  version "1.2.1"
  resolved "https://registry.npmjs.org/d3-format/-/d3-format-1.2.1.tgz#4e19ecdb081a341dafaf5f555ee956bcfdbf167f"

d3-geo-projection@^2.1.2:
  version "2.3.1"
  resolved "https://registry.npmjs.org/d3-geo-projection/-/d3-geo-projection-2.3.1.tgz#cf6d1051bec57bf197200201fd991ed063712849"
  dependencies:
    commander "2"
    d3-array "1"
    d3-geo "^1.7.1"

d3-geo@1.2.4:
  version "1.2.4"
  resolved "https://registry.npmjs.org/d3-geo/-/d3-geo-1.2.4.tgz#d179f3baa76e623ef1e0d83693db705b7c599006"
  dependencies:
    d3-array "1"

d3-geo@^1.6.4, d3-geo@^1.7.1:
  version "1.9.0"
  resolved "https://registry.npmjs.org/d3-geo/-/d3-geo-1.9.0.tgz#15c7d7a8ea9346e59ed150dc7b1f7f95479056e9"
  dependencies:
    d3-array "1"

d3-hierarchy@^1.1.5:
  version "1.1.5"
  resolved "https://registry.npmjs.org/d3-hierarchy/-/d3-hierarchy-1.1.5.tgz#a1c845c42f84a206bcf1c01c01098ea4ddaa7a26"

d3-interpolate@^1.1.5:
  version "1.1.6"
  resolved "https://registry.npmjs.org/d3-interpolate/-/d3-interpolate-1.1.6.tgz#2cf395ae2381804df08aa1bf766b7f97b5f68fb6"
  dependencies:
    d3-color "1"

d3-path@1, d3-path@^1.0.1:
  version "1.0.5"
  resolved "https://registry.npmjs.org/d3-path/-/d3-path-1.0.5.tgz#241eb1849bd9e9e8021c0d0a799f8a0e8e441764"

d3-sankey@^0.7.1:
  version "0.7.1"
  resolved "https://registry.npmjs.org/d3-sankey/-/d3-sankey-0.7.1.tgz#d229832268fc69a7fec84803e96c2256a614c521"
  dependencies:
    d3-array "1"
    d3-collection "1"
    d3-shape "^1.2.0"

d3-shape@^1.2.0:
  version "1.2.0"
  resolved "https://registry.npmjs.org/d3-shape/-/d3-shape-1.2.0.tgz#45d01538f064bafd05ea3d6d2cb748fd8c41f777"
  dependencies:
    d3-path "1"

d3-timer@^1.0.6:
  version "1.0.7"
  resolved "https://registry.npmjs.org/d3-timer/-/d3-timer-1.0.7.tgz#df9650ca587f6c96607ff4e60cc38229e8dd8531"

d3-voronoi@^1.1.2:
  version "1.1.2"
  resolved "https://registry.npmjs.org/d3-voronoi/-/d3-voronoi-1.1.2.tgz#1687667e8f13a2d158c80c1480c5a29cb0d8973c"

decamelize@^1.0.0:
  version "1.2.0"
  resolved "https://registry.npmjs.org/decamelize/-/decamelize-1.2.0.tgz#f6534d15148269b20352e7bee26f501f9a191290"

fecha@^2.3.1:
  version "2.3.1"
  resolved "https://registry.npmjs.org/fecha/-/fecha-2.3.1.tgz#921b4e5a9d331aaa9b65c1634b26fc45945f6421"

fs.realpath@^1.0.0:
  version "1.0.0"
  resolved "https://registry.npmjs.org/fs.realpath/-/fs.realpath-1.0.0.tgz#1504ad2523158caa40db4a2787cb01411994ea4f"

gl-matrix@^2.3.2, gl-matrix@^2.4.0:
  version "2.4.0"
  resolved "https://registry.npmjs.org/gl-matrix/-/gl-matrix-2.4.0.tgz#2089b13301a29eec822d9d99dffc1f78ee9a3c50"

glob@^7.0.5:
  version "7.1.2"
  resolved "https://registry.npmjs.org/glob/-/glob-7.1.2.tgz#c19c9df9a028702d678612384a6552404c636d15"
  dependencies:
    fs.realpath "^1.0.0"
    inflight "^1.0.4"
    inherits "2"
    minimatch "^3.0.4"
    once "^1.3.0"
    path-is-absolute "^1.0.0"

iconv-lite@0.4:
  version "0.4.19"
  resolved "https://registry.npmjs.org/iconv-lite/-/iconv-lite-0.4.19.tgz#f7468f60135f5e5dad3399c0a81be9a1603a082b"

inflight@^1.0.4:
  version "1.0.6"
  resolved "https://registry.npmjs.org/inflight/-/inflight-1.0.6.tgz#49bd6331d7d02d0c09bc910a1075ba8165b56df9"
  dependencies:
    once "^1.3.0"
    wrappy "1"

inherits@2, inherits@^2.0.1, inherits@~2.0.1, inherits@~2.0.3:
  version "2.0.3"
  resolved "https://registry.npmjs.org/inherits/-/inherits-2.0.3.tgz#633c2c83e3da42a502f52466022480f4208261de"

is-buffer@^1.1.5:
  version "1.1.6"
  resolved "https://registry.npmjs.org/is-buffer/-/is-buffer-1.1.6.tgz#efaa2ea9daa0d7ab2ea13a97b2b8ad51fefbe8be"

isarray@0.0.1, isarray@~0.0.1:
  version "0.0.1"
  resolved "https://registry.npmjs.org/isarray/-/isarray-0.0.1.tgz#8a18acfca9a8f4177e09abfc6038939b05d1eedf"

isarray@~1.0.0:
  version "1.0.0"
  resolved "https://registry.npmjs.org/isarray/-/isarray-1.0.0.tgz#bb935d48582cba168c06834957a54a3e07124f11"

kind-of@^3.0.2:
  version "3.2.2"
  resolved "https://registry.npmjs.org/kind-of/-/kind-of-3.2.2.tgz#31ea21a734bab9bbb0f32466d893aea51e4a3c64"
  dependencies:
    is-buffer "^1.1.5"

lazy-cache@^1.0.3:
  version "1.0.4"
  resolved "https://registry.npmjs.org/lazy-cache/-/lazy-cache-1.0.4.tgz#a1d78fc3a50474cb80845d3b3b6e1da49a446e8e"

lodash@^4.17.4:
  version "4.17.4"
  resolved "https://registry.npmjs.org/lodash/-/lodash-4.17.4.tgz#78203a4d1c328ae1d86dca6460e369b57f4055ae"

longest@^1.0.1:
  version "1.0.1"
  resolved "https://registry.npmjs.org/longest/-/longest-1.0.1.tgz#30a0b2da38f73770e8294a0d22e6625ed77d0097"

ltcdr@^2.2.1:
  version "2.2.1"
  resolved "https://registry.npmjs.org/ltcdr/-/ltcdr-2.2.1.tgz#5ab87ad1d4c1dab8e8c08bbf037ee0c1902287cf"

minimatch@^3.0.3, minimatch@^3.0.4:
  version "3.0.4"
  resolved "https://registry.npmjs.org/minimatch/-/minimatch-3.0.4.tgz#5166e286457f03306064be5497e8dbb0c3d32083"
  dependencies:
    brace-expansion "^1.1.7"

minimist@0.0.8:
  version "0.0.8"
  resolved "https://registry.npmjs.org/minimist/-/minimist-0.0.8.tgz#857fcabfc3397d2625b8228262e86aa7a011b05d"

minimist@^1.2.0:
  version "1.2.0"
  resolved "https://registry.npmjs.org/minimist/-/minimist-1.2.0.tgz#a35008b20f41383eec1fb914f4cd5df79a264284"

mkdirp@^0.5.1:
  version "0.5.1"
  resolved "https://registry.npmjs.org/mkdirp/-/mkdirp-0.5.1.tgz#30057438eac6cf7f8c4767f38648d6697d75c903"
  dependencies:
    minimist "0.0.8"

noms@0.0.0:
  version "0.0.0"
  resolved "https://registry.npmjs.org/noms/-/noms-0.0.0.tgz#da8ebd9f3af9d6760919b27d9cdc8092a7332859"
  dependencies:
    inherits "^2.0.1"
    readable-stream "~1.0.31"

once@^1.3.0:
  version "1.4.0"
  resolved "https://registry.npmjs.org/once/-/once-1.4.0.tgz#583b1aa775961d4b113ac17d9c50baef9dd76bd1"
  dependencies:
    wrappy "1"

parse-svg-path@~0.1.1:
  version "0.1.2"
  resolved "https://registry.npmjs.org/parse-svg-path/-/parse-svg-path-0.1.2.tgz#7a7ec0d1eb06fa5325c7d3e009b859a09b5d49eb"

path-is-absolute@^1.0.0:
  version "1.0.1"
  resolved "https://registry.npmjs.org/path-is-absolute/-/path-is-absolute-1.0.1.tgz#174b9268735534ffbc7ace6bf53a5a9e1b5c5f5f"

point-at-length@^1.0.2:
  version "1.1.0"
  resolved "https://registry.npmjs.org/point-at-length/-/point-at-length-1.1.0.tgz#0ad72ebd0980d7f5a1ab12296c055f9eb6b30e57"
  dependencies:
    abs-svg-path "~0.1.1"
    isarray "~0.0.1"
    parse-svg-path "~0.1.1"

process-nextick-args@~1.0.6:
  version "1.0.7"
  resolved "https://registry.npmjs.org/process-nextick-args/-/process-nextick-args-1.0.7.tgz#150e20b756590ad3f91093f25a4f2ad8bff30ba3"

readable-stream@^2.1.5:
  version "2.3.3"
  resolved "https://registry.npmjs.org/readable-stream/-/readable-stream-2.3.3.tgz#368f2512d79f9d46fdfc71349ae7878bbc1eb95c"
  dependencies:
    core-util-is "~1.0.0"
    inherits "~2.0.3"
    isarray "~1.0.0"
    process-nextick-args "~1.0.6"
    safe-buffer "~5.1.1"
    string_decoder "~1.0.3"
    util-deprecate "~1.0.1"

readable-stream@~1.0.31:
  version "1.0.34"
  resolved "https://registry.npmjs.org/readable-stream/-/readable-stream-1.0.34.tgz#125820e34bc842d2f2aaafafe4c2916ee32c157c"
  dependencies:
    core-util-is "~1.0.0"
    inherits "~2.0.1"
    isarray "0.0.1"
    string_decoder "~0.10.x"

reflect-metadata@^0.1.2, reflect-metadata@^0.1.8:
  version "0.1.10"
  resolved "https://registry.npmjs.org/reflect-metadata/-/reflect-metadata-0.1.10.tgz#b4f83704416acad89988c9b15635d47e03b9344a"

regression@^2.0.0:
  version "2.0.0"
  resolved "https://registry.npmjs.org/regression/-/regression-2.0.0.tgz#0f23e4012f0a4c2b5ef828b4f4b4e39f72dfb96a"

repeat-string@^1.5.2:
  version "1.6.1"
  resolved "https://registry.npmjs.org/repeat-string/-/repeat-string-1.6.1.tgz#8dcae470e1c88abc2d600fff4a776286da75e637"

right-align@^0.1.1:
  version "0.1.3"
  resolved "https://registry.npmjs.org/right-align/-/right-align-0.1.3.tgz#61339b722fe6a3515689210d24e14c96148613ef"
  dependencies:
    align-text "^0.1.1"

rimraf@^2.5.4:
  version "2.6.2"
  resolved "https://registry.npmjs.org/rimraf/-/rimraf-2.6.2.tgz#2ed8150d24a16ea8651e6d6ef0f47c4158ce7a36"
  dependencies:
    glob "^7.0.5"

rollup@^0.37.0:
  version "0.37.2"
  resolved "https://registry.npmjs.org/rollup/-/rollup-0.37.2.tgz#cc159d20a2f3615ccc2248a4385aacbb3d6d6042"
  dependencies:
    source-map-support "^0.4.0"

rw@1:
  version "1.3.3"
  resolved "https://registry.npmjs.org/rw/-/rw-1.3.3.tgz#3f862dfa91ab766b14885ef4d01124bfda074fb4"

rxjs@^5.0.3:
  version "5.5.2"
  resolved "https://registry.npmjs.org/rxjs/-/rxjs-5.5.2.tgz#28d403f0071121967f18ad665563255d54236ac3"
  dependencies:
    symbol-observable "^1.0.1"

safe-buffer@~5.1.0, safe-buffer@~5.1.1:
  version "5.1.1"
  resolved "https://registry.npmjs.org/safe-buffer/-/safe-buffer-5.1.1.tgz#893312af69b2123def71f57889001671eeb2c853"

simple-statistics@^4.1.0:
  version "4.1.1"
  resolved "https://registry.npmjs.org/simple-statistics/-/simple-statistics-4.1.1.tgz#533c48d48336ba3d350d8135f20fa7138acb0c7d"

source-map-support@^0.4.0, source-map-support@^0.4.2:
  version "0.4.18"
  resolved "https://registry.npmjs.org/source-map-support/-/source-map-support-0.4.18.tgz#0286a6de8be42641338594e97ccea75f0a2c585f"
  dependencies:
    source-map "^0.5.6"

source-map@^0.5.6, source-map@~0.5.1:
  version "0.5.7"
  resolved "https://registry.npmjs.org/source-map/-/source-map-0.5.7.tgz#8a039d2d1021d22d1ea14c80d8ea468ba2ef3fcc"

string_decoder@~0.10.x:
  version "0.10.31"
  resolved "https://registry.npmjs.org/string_decoder/-/string_decoder-0.10.31.tgz#62e203bc41766c6c28c9fc84301dab1c5310fa94"

string_decoder@~1.0.3:
  version "1.0.3"
  resolved "https://registry.npmjs.org/string_decoder/-/string_decoder-1.0.3.tgz#0fc67d7c141825de94282dd536bec6b9bce860ab"
  dependencies:
    safe-buffer "~5.1.0"

symbol-observable@^1.0.1:
  version "1.0.4"
  resolved "https://registry.npmjs.org/symbol-observable/-/symbol-observable-1.0.4.tgz#29bf615d4aa7121bdd898b22d4b3f9bc4e2aa03d"

through2@^2.0.1:
  version "2.0.3"
  resolved "https://registry.npmjs.org/through2/-/through2-2.0.3.tgz#0004569b37c7c74ba39c43f3ced78d1ad94140be"
  dependencies:
    readable-stream "^2.1.5"
    xtend "~4.0.1"

topojson-client@^3.0.0:
  version "3.0.0"
  resolved "https://registry.npmjs.org/topojson-client/-/topojson-client-3.0.0.tgz#1f99293a77ef42a448d032a81aa982b73f360d2f"
  dependencies:
    commander "2"

tsickle@^0.2:
  version "0.2.6"
  resolved "https://registry.npmjs.org/tsickle/-/tsickle-0.2.6.tgz#ad4abf92e74ebdf3fb5aa187ca85b02066fe1a1b"
  dependencies:
    minimist "^1.2.0"
    mkdirp "^0.5.1"
    source-map "^0.5.6"
    source-map-support "^0.4.2"

typescript@~2.4.2:
  version "2.4.2"
  resolved "https://registry.npmjs.org/typescript/-/typescript-2.4.2.tgz#f8395f85d459276067c988aa41837a8f82870844"

uglify-js@^2.7.5:
  version "2.8.29"
  resolved "https://registry.npmjs.org/uglify-js/-/uglify-js-2.8.29.tgz#29c5733148057bb4e1f75df35b7a9cb72e6a59dd"
  dependencies:
    source-map "~0.5.1"
    yargs "~3.10.0"
  optionalDependencies:
    uglify-to-browserify "~1.0.0"

uglify-to-browserify@~1.0.0:
  version "1.0.2"
  resolved "https://registry.npmjs.org/uglify-to-browserify/-/uglify-to-browserify-1.0.2.tgz#6e0924d6bda6b5afe349e39a6d632850a0f882b7"

util-deprecate@~1.0.1:
  version "1.0.2"
  resolved "https://registry.npmjs.org/util-deprecate/-/util-deprecate-1.0.2.tgz#450d4dc9fa70de732762fbd2d4a28981419a0ccf"

viser@^1.0.0:
  version "1.0.4"
  resolved "https://registry.npmjs.org/viser/-/viser-1.0.4.tgz#9de88aa261a523b026ac441e6da31f6587e6759e"
  dependencies:
    "@antv/data-set" "^0.5.0"
    "@antv/g2" "^3.0.0"
    "@types/d3-format" "*"
    "@types/lodash" "*"
    d3-format "^1.2.0"
    lodash "^4.17.4"

window-size@0.1.0:
  version "0.1.0"
  resolved "https://registry.npmjs.org/window-size/-/window-size-0.1.0.tgz#5438cd2ea93b202efa3a19fe8887aee7c94f9c9d"

wolfy87-eventemitter@^5.1.0, wolfy87-eventemitter@^5.2.0:
  version "5.2.4"
  resolved "https://registry.npmjs.org/wolfy87-eventemitter/-/wolfy87-eventemitter-5.2.4.tgz#5021d2952d3611cbcd195149711d9b595cd11d48"

wordwrap@0.0.2:
  version "0.0.2"
  resolved "https://registry.npmjs.org/wordwrap/-/wordwrap-0.0.2.tgz#b79669bb42ecb409f83d583cad52ca17eaa1643f"

wrappy@1:
  version "1.0.2"
  resolved "https://registry.npmjs.org/wrappy/-/wrappy-1.0.2.tgz#b5243d8f3ec1aa35f1364605bc0d1036e30ab69f"

xtend@~4.0.1:
  version "4.0.1"
  resolved "https://registry.npmjs.org/xtend/-/xtend-4.0.1.tgz#a5c6d532be656e23db820efb943a1f04998d63af"

yargs@~3.10.0:
  version "3.10.0"
  resolved "https://registry.npmjs.org/yargs/-/yargs-3.10.0.tgz#f7ee7bd857dd7c1d2d38c0e74efbd681d1431fd1"
  dependencies:
    camelcase "^1.0.2"
    cliui "^2.1.0"
    decamelize "^1.0.0"
    window-size "0.1.0"

zone.js@^0.7.2:
  version "0.7.8"
  resolved "https://registry.npmjs.org/zone.js/-/zone.js-0.7.8.tgz#4f3fe8834d44597f2639053a0fa438df34fffded"
